
Microsoft Visual Studio Solution File, Format Version 12.00
# Visual Studio Version 16
VisualStudioVersion = 16.0.29613.14
MinimumVisualStudioVersion = 10.0.40219.1
Project("{FAE04EC0-301F-11D3-BF4B-00C04F79EFBC}") = "OOP21", "OOP21\OOP21.csproj", "{1782042D-F021-4921-A632-1148A87E5734}"
EndProject
Global
	GlobalSection(SolutionConfigurationPlatforms) = preSolution
		Debug|Any CPU = Debug|Any CPU
		Release|Any CPU = Release|Any CPU
	EndGlobalSection
	GlobalSection(ProjectConfigurationPlatforms) = postSolution
		{1782042D-F021-4921-A632-1148A87E5734}.Debug|Any CPU.ActiveCfg = Debug|Any CPU
		{1782042D-F021-4921-A632-1148A87E5734}.Debug|Any CPU.Build.0 = Debug|Any CPU
		{1782042D-F021-4921-A632-1148A87E5734}.Release|Any CPU.ActiveCfg = Release|Any CPU
		{1782042D-F021-4921-A632-1148A87E5734}.Release|Any CPU.Build.0 = Release|Any CPU
	EndGlobalSection
	GlobalSection(SolutionProperties) = preSolution
		HideSolutionNode = FALSE
	EndGlobalSection
	GlobalSection(ExtensibilityGlobals) = postSolution
		SolutionGuid = {DB61BB19-9A63-49CE-9EA5-A146F1770A99}
	EndGlobalSection
EndGlobal
