
Microsoft Visual Studio Solution File, Format Version 12.00
# Visual Studio Version 16
VisualStudioVersion = 16.0.29613.14
MinimumVisualStudioVersion = 10.0.40219.1
Project("{FAE04EC0-301F-11D3-BF4B-00C04F79EFBC}") = "Multi-Threaded -41", "Multi-Threaded -41\Multi-Threaded -41.csproj", "{A5006579-E0B7-4517-A01D-9830F4F15536}"
EndProject
Global
	GlobalSection(SolutionConfigurationPlatforms) = preSolution
		Debug|Any CPU = Debug|Any CPU
		Release|Any CPU = Release|Any CPU
	EndGlobalSection
	GlobalSection(ProjectConfigurationPlatforms) = postSolution
		{A5006579-E0B7-4517-A01D-9830F4F15536}.Debug|Any CPU.ActiveCfg = Debug|Any CPU
		{A5006579-E0B7-4517-A01D-9830F4F15536}.Debug|Any CPU.Build.0 = Debug|Any CPU
		{A5006579-E0B7-4517-A01D-9830F4F15536}.Release|Any CPU.ActiveCfg = Release|Any CPU
		{A5006579-E0B7-4517-A01D-9830F4F15536}.Release|Any CPU.Build.0 = Release|Any CPU
	EndGlobalSection
	GlobalSection(SolutionProperties) = preSolution
		HideSolutionNode = FALSE
	EndGlobalSection
	GlobalSection(ExtensibilityGlobals) = postSolution
		SolutionGuid = {EFA7A5EE-BC56-483E-8493-627E638FF15F}
	EndGlobalSection
EndGlobal
