
Microsoft Visual Studio Solution File, Format Version 12.00
# Visual Studio Version 16
VisualStudioVersion = 16.0.29613.14
MinimumVisualStudioVersion = 10.0.40219.1
Project("{FAE04EC0-301F-11D3-BF4B-00C04F79EFBC}") = "SQL31HW", "SQL31HW\SQL31HW.csproj", "{09C08B35-18FB-4DAA-ADFF-BD014D78F11F}"
EndProject
Global
	GlobalSection(SolutionConfigurationPlatforms) = preSolution
		Debug|Any CPU = Debug|Any CPU
		Release|Any CPU = Release|Any CPU
	EndGlobalSection
	GlobalSection(ProjectConfigurationPlatforms) = postSolution
		{09C08B35-18FB-4DAA-ADFF-BD014D78F11F}.Debug|Any CPU.ActiveCfg = Debug|Any CPU
		{09C08B35-18FB-4DAA-ADFF-BD014D78F11F}.Debug|Any CPU.Build.0 = Debug|Any CPU
		{09C08B35-18FB-4DAA-ADFF-BD014D78F11F}.Release|Any CPU.ActiveCfg = Release|Any CPU
		{09C08B35-18FB-4DAA-ADFF-BD014D78F11F}.Release|Any CPU.Build.0 = Release|Any CPU
	EndGlobalSection
	GlobalSection(SolutionProperties) = preSolution
		HideSolutionNode = FALSE
	EndGlobalSection
	GlobalSection(ExtensibilityGlobals) = postSolution
		SolutionGuid = {173E5EBB-EF0E-479B-8EF4-C85CEE1E5C84}
	EndGlobalSection
EndGlobal
