
Microsoft Visual Studio Solution File, Format Version 12.00
# Visual Studio Version 16
VisualStudioVersion = 16.0.29613.14
MinimumVisualStudioVersion = 10.0.40219.1
Project("{FAE04EC0-301F-11D3-BF4B-00C04F79EFBC}") = "DelegateExample", "DelegateTest\DelegateExample.csproj", "{BC0DCBAF-E31A-4745-81BF-E8ACBA00418D}"
EndProject
Global
	GlobalSection(SolutionConfigurationPlatforms) = preSolution
		Debug|Any CPU = Debug|Any CPU
		Release|Any CPU = Release|Any CPU
	EndGlobalSection
	GlobalSection(ProjectConfigurationPlatforms) = postSolution
		{BC0DCBAF-E31A-4745-81BF-E8ACBA00418D}.Debug|Any CPU.ActiveCfg = Debug|Any CPU
		{BC0DCBAF-E31A-4745-81BF-E8ACBA00418D}.Debug|Any CPU.Build.0 = Debug|Any CPU
		{BC0DCBAF-E31A-4745-81BF-E8ACBA00418D}.Release|Any CPU.ActiveCfg = Release|Any CPU
		{BC0DCBAF-E31A-4745-81BF-E8ACBA00418D}.Release|Any CPU.Build.0 = Release|Any CPU
	EndGlobalSection
	GlobalSection(SolutionProperties) = preSolution
		HideSolutionNode = FALSE
	EndGlobalSection
	GlobalSection(ExtensibilityGlobals) = postSolution
		SolutionGuid = {FF6426E0-2AAC-491B-9FEB-A8A989811736}
	EndGlobalSection
EndGlobal
