
Microsoft Visual Studio Solution File, Format Version 12.00
# Visual Studio Version 16
VisualStudioVersion = 16.0.29613.14
MinimumVisualStudioVersion = 10.0.40219.1
Project("{FAE04EC0-301F-11D3-BF4B-00C04F79EFBC}") = "Multi-Threaded39-40", "Multi-Threaded39-40\Multi-Threaded39-40.csproj", "{519E0DAE-E9C7-4A88-9EAB-6C519F78016D}"
EndProject
Global
	GlobalSection(SolutionConfigurationPlatforms) = preSolution
		Debug|Any CPU = Debug|Any CPU
		Release|Any CPU = Release|Any CPU
	EndGlobalSection
	GlobalSection(ProjectConfigurationPlatforms) = postSolution
		{519E0DAE-E9C7-4A88-9EAB-6C519F78016D}.Debug|Any CPU.ActiveCfg = Debug|Any CPU
		{519E0DAE-E9C7-4A88-9EAB-6C519F78016D}.Debug|Any CPU.Build.0 = Debug|Any CPU
		{519E0DAE-E9C7-4A88-9EAB-6C519F78016D}.Release|Any CPU.ActiveCfg = Release|Any CPU
		{519E0DAE-E9C7-4A88-9EAB-6C519F78016D}.Release|Any CPU.Build.0 = Release|Any CPU
	EndGlobalSection
	GlobalSection(SolutionProperties) = preSolution
		HideSolutionNode = FALSE
	EndGlobalSection
	GlobalSection(ExtensibilityGlobals) = postSolution
		SolutionGuid = {7A65AE63-1F8F-40D9-93C9-829BD5C3A165}
	EndGlobalSection
EndGlobal
