
Microsoft Visual Studio Solution File, Format Version 12.00
# Visual Studio Version 16
VisualStudioVersion = 16.0.29613.14
MinimumVisualStudioVersion = 10.0.40219.1
Project("{FAE04EC0-301F-11D3-BF4B-00C04F79EFBC}") = "Winforms11Exercise2", "Winforms11Exercise2\Winforms11Exercise2.csproj", "{2202280B-7922-45AB-8D12-ADAECFC3F652}"
EndProject
Global
	GlobalSection(SolutionConfigurationPlatforms) = preSolution
		Debug|Any CPU = Debug|Any CPU
		Release|Any CPU = Release|Any CPU
	EndGlobalSection
	GlobalSection(ProjectConfigurationPlatforms) = postSolution
		{2202280B-7922-45AB-8D12-ADAECFC3F652}.Debug|Any CPU.ActiveCfg = Debug|Any CPU
		{2202280B-7922-45AB-8D12-ADAECFC3F652}.Debug|Any CPU.Build.0 = Debug|Any CPU
		{2202280B-7922-45AB-8D12-ADAECFC3F652}.Release|Any CPU.ActiveCfg = Release|Any CPU
		{2202280B-7922-45AB-8D12-ADAECFC3F652}.Release|Any CPU.Build.0 = Release|Any CPU
	EndGlobalSection
	GlobalSection(SolutionProperties) = preSolution
		HideSolutionNode = FALSE
	EndGlobalSection
	GlobalSection(ExtensibilityGlobals) = postSolution
		SolutionGuid = {B4ACE733-B159-4E86-B86A-7F00D688B552}
	EndGlobalSection
EndGlobal
