
Microsoft Visual Studio Solution File, Format Version 12.00
# Visual Studio Version 16
VisualStudioVersion = 16.0.29613.14
MinimumVisualStudioVersion = 10.0.40219.1
Project("{FAE04EC0-301F-11D3-BF4B-00C04F79EFBC}") = "MultiThreaded37", "MultiThreaded37\MultiThreaded37.csproj", "{F4941080-A203-4CA3-8B17-3B38A5504850}"
EndProject
Global
	GlobalSection(SolutionConfigurationPlatforms) = preSolution
		Debug|Any CPU = Debug|Any CPU
		Release|Any CPU = Release|Any CPU
	EndGlobalSection
	GlobalSection(ProjectConfigurationPlatforms) = postSolution
		{F4941080-A203-4CA3-8B17-3B38A5504850}.Debug|Any CPU.ActiveCfg = Debug|Any CPU
		{F4941080-A203-4CA3-8B17-3B38A5504850}.Debug|Any CPU.Build.0 = Debug|Any CPU
		{F4941080-A203-4CA3-8B17-3B38A5504850}.Release|Any CPU.ActiveCfg = Release|Any CPU
		{F4941080-A203-4CA3-8B17-3B38A5504850}.Release|Any CPU.Build.0 = Release|Any CPU
	EndGlobalSection
	GlobalSection(SolutionProperties) = preSolution
		HideSolutionNode = FALSE
	EndGlobalSection
	GlobalSection(ExtensibilityGlobals) = postSolution
		SolutionGuid = {DAE890E7-5740-438F-BE42-CA09367DE84D}
	EndGlobalSection
EndGlobal
