
Microsoft Visual Studio Solution File, Format Version 12.00
# Visual Studio Version 16
VisualStudioVersion = 16.0.29613.14
MinimumVisualStudioVersion = 10.0.40219.1
Project("{FAE04EC0-301F-11D3-BF4B-00C04F79EFBC}") = "WinForm8", "WinForm8\WinForm8.csproj", "{DBD86BA6-D39A-4BD7-BDB1-DE814CB172CA}"
EndProject
Global
	GlobalSection(SolutionConfigurationPlatforms) = preSolution
		Debug|Any CPU = Debug|Any CPU
		Release|Any CPU = Release|Any CPU
	EndGlobalSection
	GlobalSection(ProjectConfigurationPlatforms) = postSolution
		{DBD86BA6-D39A-4BD7-BDB1-DE814CB172CA}.Debug|Any CPU.ActiveCfg = Debug|Any CPU
		{DBD86BA6-D39A-4BD7-BDB1-DE814CB172CA}.Debug|Any CPU.Build.0 = Debug|Any CPU
		{DBD86BA6-D39A-4BD7-BDB1-DE814CB172CA}.Release|Any CPU.ActiveCfg = Release|Any CPU
		{DBD86BA6-D39A-4BD7-BDB1-DE814CB172CA}.Release|Any CPU.Build.0 = Release|Any CPU
	EndGlobalSection
	GlobalSection(SolutionProperties) = preSolution
		HideSolutionNode = FALSE
	EndGlobalSection
	GlobalSection(ExtensibilityGlobals) = postSolution
		SolutionGuid = {C918AE91-8B43-4CCD-A8CA-6D8FF39E7542}
	EndGlobalSection
EndGlobal
