
Microsoft Visual Studio Solution File, Format Version 12.00
# Visual Studio Version 16
VisualStudioVersion = 16.0.29613.14
MinimumVisualStudioVersion = 10.0.40219.1
Project("{FAE04EC0-301F-11D3-BF4B-00C04F79EFBC}") = "OOP19", "OOP19\OOP19.csproj", "{D678126D-EA22-4A21-971E-EDF4CC2B4860}"
EndProject
Global
	GlobalSection(SolutionConfigurationPlatforms) = preSolution
		Debug|Any CPU = Debug|Any CPU
		Release|Any CPU = Release|Any CPU
	EndGlobalSection
	GlobalSection(ProjectConfigurationPlatforms) = postSolution
		{D678126D-EA22-4A21-971E-EDF4CC2B4860}.Debug|Any CPU.ActiveCfg = Debug|Any CPU
		{D678126D-EA22-4A21-971E-EDF4CC2B4860}.Debug|Any CPU.Build.0 = Debug|Any CPU
		{D678126D-EA22-4A21-971E-EDF4CC2B4860}.Release|Any CPU.ActiveCfg = Release|Any CPU
		{D678126D-EA22-4A21-971E-EDF4CC2B4860}.Release|Any CPU.Build.0 = Release|Any CPU
	EndGlobalSection
	GlobalSection(SolutionProperties) = preSolution
		HideSolutionNode = FALSE
	EndGlobalSection
	GlobalSection(ExtensibilityGlobals) = postSolution
		SolutionGuid = {7D7299E4-7E15-4C00-9C8B-7DB35D21BCEB}
	EndGlobalSection
EndGlobal
