
Microsoft Visual Studio Solution File, Format Version 12.00
# Visual Studio Version 16
VisualStudioVersion = 16.0.29613.14
MinimumVisualStudioVersion = 10.0.40219.1
Project("{FAE04EC0-301F-11D3-BF4B-00C04F79EFBC}") = "OOP18", "OOP18\OOP18.csproj", "{ADA121B6-14E8-4E75-9832-52E76D5EEFFD}"
EndProject
Global
	GlobalSection(SolutionConfigurationPlatforms) = preSolution
		Debug|Any CPU = Debug|Any CPU
		Release|Any CPU = Release|Any CPU
	EndGlobalSection
	GlobalSection(ProjectConfigurationPlatforms) = postSolution
		{ADA121B6-14E8-4E75-9832-52E76D5EEFFD}.Debug|Any CPU.ActiveCfg = Debug|Any CPU
		{ADA121B6-14E8-4E75-9832-52E76D5EEFFD}.Debug|Any CPU.Build.0 = Debug|Any CPU
		{ADA121B6-14E8-4E75-9832-52E76D5EEFFD}.Release|Any CPU.ActiveCfg = Release|Any CPU
		{ADA121B6-14E8-4E75-9832-52E76D5EEFFD}.Release|Any CPU.Build.0 = Release|Any CPU
	EndGlobalSection
	GlobalSection(SolutionProperties) = preSolution
		HideSolutionNode = FALSE
	EndGlobalSection
	GlobalSection(ExtensibilityGlobals) = postSolution
		SolutionGuid = {D75DF4F5-C3E7-45F1-BDE4-A017A9DB559D}
	EndGlobalSection
EndGlobal
